# THIS IS AN AUTOGENERATED FILE. DO NOT EDIT THIS FILE DIRECTLY.
# yarn lockfile v1


ckeditor@^4:
  version "4.7.3"
  resolved "https://registry.yarnpkg.com/ckeditor/-/ckeditor-4.7.3.tgz#b486fb9eb91af9532a0acfaea4a55374970254d5"

siu-js-app-launcher@^1.0:
  version "1.0.2"
  resolved "https://registry.yarnpkg.com/siu-js-app-launcher/-/siu-js-app-launcher-1.0.2.tgz#7e57fbe849cd492950bf295c7cab7f4a10479f8d"
